// !$*UTF8*$!
{
	archiveVersion = 1;
	classes = {
	};
	objectVersion = 46;
	objects = {

/* Begin PBXBuildFile section */
		F8228D9618D63607003B17C1 /* README.md in Resources */ = {isa = PBXBuildFile; fileRef = F8228D9518D63607003B17C1 /* README.md */; };
		F882641618D7DB2D008D505E /* TWLPCMAudioFile.m in Sources */ = {isa = PBXBuildFile; fileRef = F882641518D7DB2D008D505E /* TWLPCMAudioFile.m */; };
		F88D4DC518D0F5F900C9E9C3 /* main.m in Sources */ = {isa = PBXBuildFile; fileRef = F88D4DC418D0F5F900C9E9C3 /* main.m */; };
		F88D4DEF18D0F74200C9E9C3 /* PRXAppDelegate.m in Sources */ = {isa = PBXBuildFile; fileRef = F88D4DEE18D0F74200C9E9C3 /* PRXAppDelegate.m */; };
		F88D4DF218D0F75200C9E9C3 /* Images.xcassets in Resources */ = {isa = PBXBuildFile; fileRef = F88D4DF118D0F75200C9E9C3 /* Images.xcassets */; };
		F88D4DF918D0F89000C9E9C3 /* Broadcast Encoder-Info.plist in Resources */ = {isa = PBXBuildFile; fileRef = F88D4DF818D0F89000C9E9C3 /* Broadcast Encoder-Info.plist */; };
		F88D4E0F18D0FE0800C9E9C3 /* MainMenu.xib in Resources */ = {isa = PBXBuildFile; fileRef = F88D4E0E18D0FE0800C9E9C3 /* MainMenu.xib */; };
		F88D4E1118D0FE7B00C9E9C3 /* Broadcast Encoder.entitlements in Resources */ = {isa = PBXBuildFile; fileRef = F88D4E1018D0FE7B00C9E9C3 /* Broadcast Encoder.entitlements */; };
		F88D4E1618D0FEF100C9E9C3 /* PRXDropzoneView.m in Sources */ = {isa = PBXBuildFile; fileRef = F88D4E1518D0FEF100C9E9C3 /* PRXDropzoneView.m */; };
		F88D4E1A18D1029700C9E9C3 /* PRXDropzoneViewController.m in Sources */ = {isa = PBXBuildFile; fileRef = F88D4E1918D1029700C9E9C3 /* PRXDropzoneViewController.m */; };
		F88D4E1C18D102BA00C9E9C3 /* PRXDropzoneView.xib in Resources */ = {isa = PBXBuildFile; fileRef = F88D4E1B18D102BA00C9E9C3 /* PRXDropzoneView.xib */; };
		F88D4E9218D14E5400C9E9C3 /* TWLEncoder.m in Sources */ = {isa = PBXBuildFile; fileRef = F88D4E8C18D14E5400C9E9C3 /* TWLEncoder.m */; };
		F88D4E9318D14E5400C9E9C3 /* TWLEncoderTask.m in Sources */ = {isa = PBXBuildFile; fileRef = F88D4E8F18D14E5400C9E9C3 /* TWLEncoderTask.m */; };
		F88D4E9618D150DA00C9E9C3 /* TWLEncoderTaskOperation.m in Sources */ = {isa = PBXBuildFile; fileRef = F88D4E9518D150DA00C9E9C3 /* TWLEncoderTaskOperation.m */; };
		F88D4E9918D163C900C9E9C3 /* TWLEncoderConfiguration.m in Sources */ = {isa = PBXBuildFile; fileRef = F88D4E9818D163C900C9E9C3 /* TWLEncoderConfiguration.m */; };
		F88D4EA218D23FE200C9E9C3 /* SOXResampler.m in Sources */ = {isa = PBXBuildFile; fileRef = F88D4EA118D23FE200C9E9C3 /* SOXResampler.m */; };
		F88D4EA518D2412800C9E9C3 /* SOXResamplerTask.m in Sources */ = {isa = PBXBuildFile; fileRef = F88D4EA418D2412800C9E9C3 /* SOXResamplerTask.m */; };
		F88D4EA818D2413B00C9E9C3 /* SOXResamplerTaskOperation.m in Sources */ = {isa = PBXBuildFile; fileRef = F88D4EA718D2413B00C9E9C3 /* SOXResamplerTaskOperation.m */; };
		F88D4EAB18D2426200C9E9C3 /* SOXResamplerConfiguration.m in Sources */ = {isa = PBXBuildFile; fileRef = F88D4EAA18D2426200C9E9C3 /* SOXResamplerConfiguration.m */; };
		F8CB2C0C18D77FA300DEFA10 /* PRXEncoderWindow.m in Sources */ = {isa = PBXBuildFile; fileRef = F8CB2C0B18D77FA300DEFA10 /* PRXEncoderWindow.m */; };
		F8CB2C1018D78C4B00DEFA10 /* PRXStaticImageView.m in Sources */ = {isa = PBXBuildFile; fileRef = F8CB2C0F18D78C4B00DEFA10 /* PRXStaticImageView.m */; };
		F8CB2C1918D7B9ED00DEFA10 /* Broadcast-Encoder.help in Resources */ = {isa = PBXBuildFile; fileRef = F8CB2C1818D7B9ED00DEFA10 /* Broadcast-Encoder.help */; };
		FEDE4F37ED8343EBBFC7ACEE /* libPods.a in Frameworks */ = {isa = PBXBuildFile; fileRef = FB60D8C62A224C569AF2877F /* libPods.a */; };
/* End PBXBuildFile section */

/* Begin PBXFileReference section */
		3E6F032395DA45B693B2B329 /* Pods.xcconfig */ = {isa = PBXFileReference; includeInIndex = 1; lastKnownFileType = text.xcconfig; name = Pods.xcconfig; path = ../../Pods/Pods.xcconfig; sourceTree = "<group>"; };
		F8228D9518D63607003B17C1 /* README.md */ = {isa = PBXFileReference; fileEncoding = 4; lastKnownFileType = text; path = README.md; sourceTree = SOURCE_ROOT; };
		F882641418D7DB2D008D505E /* TWLPCMAudioFile.h */ = {isa = PBXFileReference; fileEncoding = 4; lastKnownFileType = sourcecode.c.h; path = TWLPCMAudioFile.h; sourceTree = "<group>"; };
		F882641518D7DB2D008D505E /* TWLPCMAudioFile.m */ = {isa = PBXFileReference; fileEncoding = 4; lastKnownFileType = sourcecode.c.objc; path = TWLPCMAudioFile.m; sourceTree = "<group>"; };
		F88B6A5B18D245E800DB2A73 /* SOXResampler_private.h */ = {isa = PBXFileReference; lastKnownFileType = sourcecode.c.h; name = SOXResampler_private.h; path = SoX/SOXResampler_private.h; sourceTree = "<group>"; };
		F88B6A5C18D2464D00DB2A73 /* SOXResamplerTask_private.h */ = {isa = PBXFileReference; lastKnownFileType = sourcecode.c.h; name = SOXResamplerTask_private.h; path = SoX/SOXResamplerTask_private.h; sourceTree = "<group>"; };
		F88B6A5D18D2695D00DB2A73 /* TWLEncoderError.h */ = {isa = PBXFileReference; lastKnownFileType = sourcecode.c.h; path = TWLEncoderError.h; sourceTree = "<group>"; };
		F88D4DB518D0F5F900C9E9C3 /* Broadcast Encoder.app */ = {isa = PBXFileReference; explicitFileType = wrapper.application; includeInIndex = 0; path = "Broadcast Encoder.app"; sourceTree = BUILT_PRODUCTS_DIR; };
		F88D4DC418D0F5F900C9E9C3 /* main.m */ = {isa = PBXFileReference; lastKnownFileType = sourcecode.c.objc; path = main.m; sourceTree = "<group>"; };
		F88D4DED18D0F74200C9E9C3 /* PRXAppDelegate.h */ = {isa = PBXFileReference; fileEncoding = 4; lastKnownFileType = sourcecode.c.h; path = PRXAppDelegate.h; sourceTree = "<group>"; };
		F88D4DEE18D0F74200C9E9C3 /* PRXAppDelegate.m */ = {isa = PBXFileReference; fileEncoding = 4; lastKnownFileType = sourcecode.c.objc; path = PRXAppDelegate.m; sourceTree = "<group>"; };
		F88D4DF118D0F75200C9E9C3 /* Images.xcassets */ = {isa = PBXFileReference; lastKnownFileType = folder.assetcatalog; path = Images.xcassets; sourceTree = "<group>"; };
		F88D4DF418D0F78C00C9E9C3 /* Common.xcconfig */ = {isa = PBXFileReference; lastKnownFileType = text.xcconfig; name = Common.xcconfig; path = "Build Configurations/Common.xcconfig"; sourceTree = "<group>"; };
		F88D4DF518D0F7AF00C9E9C3 /* Development.xcconfig */ = {isa = PBXFileReference; lastKnownFileType = text.xcconfig; name = Development.xcconfig; path = "Build Configurations/Development.xcconfig"; sourceTree = "<group>"; };
		F88D4DF618D0F7B800C9E9C3 /* Debug.xcconfig */ = {isa = PBXFileReference; lastKnownFileType = text.xcconfig; name = Debug.xcconfig; path = "Build Configurations/Debug.xcconfig"; sourceTree = "<group>"; };
		F88D4DF718D0F7C100C9E9C3 /* Release.xcconfig */ = {isa = PBXFileReference; lastKnownFileType = text.xcconfig; name = Release.xcconfig; path = "Build Configurations/Release.xcconfig"; sourceTree = "<group>"; };
		F88D4DF818D0F89000C9E9C3 /* Broadcast Encoder-Info.plist */ = {isa = PBXFileReference; fileEncoding = 4; lastKnownFileType = text.plist.xml; path = "Broadcast Encoder-Info.plist"; sourceTree = "<group>"; };
		F88D4DFA18D0F8AE00C9E9C3 /* Broadcast Encoder-Prefix.pch */ = {isa = PBXFileReference; lastKnownFileType = sourcecode.c.h; path = "Broadcast Encoder-Prefix.pch"; sourceTree = "<group>"; };
		F88D4E0E18D0FE0800C9E9C3 /* MainMenu.xib */ = {isa = PBXFileReference; fileEncoding = 4; lastKnownFileType = file.xib; path = MainMenu.xib; sourceTree = "<group>"; };
		F88D4E1018D0FE7B00C9E9C3 /* Broadcast Encoder.entitlements */ = {isa = PBXFileReference; fileEncoding = 4; lastKnownFileType = text.xml; path = "Broadcast Encoder.entitlements"; sourceTree = "<group>"; };
		F88D4E1418D0FEF100C9E9C3 /* PRXDropzoneView.h */ = {isa = PBXFileReference; fileEncoding = 4; lastKnownFileType = sourcecode.c.h; name = PRXDropzoneView.h; path = Views/Dropzone/PRXDropzoneView.h; sourceTree = "<group>"; };
		F88D4E1518D0FEF100C9E9C3 /* PRXDropzoneView.m */ = {isa = PBXFileReference; fileEncoding = 4; lastKnownFileType = sourcecode.c.objc; name = PRXDropzoneView.m; path = Views/Dropzone/PRXDropzoneView.m; sourceTree = "<group>"; };
		F88D4E1818D1029700C9E9C3 /* PRXDropzoneViewController.h */ = {isa = PBXFileReference; fileEncoding = 4; lastKnownFileType = sourcecode.c.h; name = PRXDropzoneViewController.h; path = Dropzone/PRXDropzoneViewController.h; sourceTree = "<group>"; };
		F88D4E1918D1029700C9E9C3 /* PRXDropzoneViewController.m */ = {isa = PBXFileReference; fileEncoding = 4; lastKnownFileType = sourcecode.c.objc; name = PRXDropzoneViewController.m; path = Dropzone/PRXDropzoneViewController.m; sourceTree = "<group>"; };
		F88D4E1B18D102BA00C9E9C3 /* PRXDropzoneView.xib */ = {isa = PBXFileReference; fileEncoding = 4; lastKnownFileType = file.xib; name = PRXDropzoneView.xib; path = Views/Dropzone/PRXDropzoneView.xib; sourceTree = "<group>"; };
		F88D4E8B18D14E5400C9E9C3 /* TWLEncoder.h */ = {isa = PBXFileReference; fileEncoding = 4; lastKnownFileType = sourcecode.c.h; path = TWLEncoder.h; sourceTree = "<group>"; };
		F88D4E8C18D14E5400C9E9C3 /* TWLEncoder.m */ = {isa = PBXFileReference; fileEncoding = 4; lastKnownFileType = sourcecode.c.objc; path = TWLEncoder.m; sourceTree = "<group>"; };
		F88D4E8D18D14E5400C9E9C3 /* TWLEncoder_private.h */ = {isa = PBXFileReference; fileEncoding = 4; lastKnownFileType = sourcecode.c.h; path = TWLEncoder_private.h; sourceTree = "<group>"; };
		F88D4E8E18D14E5400C9E9C3 /* TWLEncoderTask.h */ = {isa = PBXFileReference; fileEncoding = 4; lastKnownFileType = sourcecode.c.h; path = TWLEncoderTask.h; sourceTree = "<group>"; };
		F88D4E8F18D14E5400C9E9C3 /* TWLEncoderTask.m */ = {isa = PBXFileReference; fileEncoding = 4; lastKnownFileType = sourcecode.c.objc; path = TWLEncoderTask.m; sourceTree = "<group>"; };
		F88D4E9018D14E5400C9E9C3 /* TWLEncoderTask_private.h */ = {isa = PBXFileReference; fileEncoding = 4; lastKnownFileType = sourcecode.c.h; path = TWLEncoderTask_private.h; sourceTree = "<group>"; };
		F88D4E9418D150DA00C9E9C3 /* TWLEncoderTaskOperation.h */ = {isa = PBXFileReference; fileEncoding = 4; lastKnownFileType = sourcecode.c.h; path = TWLEncoderTaskOperation.h; sourceTree = "<group>"; };
		F88D4E9518D150DA00C9E9C3 /* TWLEncoderTaskOperation.m */ = {isa = PBXFileReference; fileEncoding = 4; lastKnownFileType = sourcecode.c.objc; path = TWLEncoderTaskOperation.m; sourceTree = "<group>"; };
		F88D4E9718D163C900C9E9C3 /* TWLEncoderConfiguration.h */ = {isa = PBXFileReference; fileEncoding = 4; lastKnownFileType = sourcecode.c.h; path = TWLEncoderConfiguration.h; sourceTree = "<group>"; };
		F88D4E9818D163C900C9E9C3 /* TWLEncoderConfiguration.m */ = {isa = PBXFileReference; fileEncoding = 4; lastKnownFileType = sourcecode.c.objc; path = TWLEncoderConfiguration.m; sourceTree = "<group>"; };
		F88D4EA018D23FE200C9E9C3 /* SOXResampler.h */ = {isa = PBXFileReference; fileEncoding = 4; lastKnownFileType = sourcecode.c.h; name = SOXResampler.h; path = SoX/SOXResampler.h; sourceTree = "<group>"; };
		F88D4EA118D23FE200C9E9C3 /* SOXResampler.m */ = {isa = PBXFileReference; fileEncoding = 4; lastKnownFileType = sourcecode.c.objc; name = SOXResampler.m; path = SoX/SOXResampler.m; sourceTree = "<group>"; };
		F88D4EA318D2412800C9E9C3 /* SOXResamplerTask.h */ = {isa = PBXFileReference; fileEncoding = 4; lastKnownFileType = sourcecode.c.h; name = SOXResamplerTask.h; path = SoX/SOXResamplerTask.h; sourceTree = "<group>"; };
		F88D4EA418D2412800C9E9C3 /* SOXResamplerTask.m */ = {isa = PBXFileReference; fileEncoding = 4; lastKnownFileType = sourcecode.c.objc; name = SOXResamplerTask.m; path = SoX/SOXResamplerTask.m; sourceTree = "<group>"; };
		F88D4EA618D2413B00C9E9C3 /* SOXResamplerTaskOperation.h */ = {isa = PBXFileReference; fileEncoding = 4; lastKnownFileType = sourcecode.c.h; name = SOXResamplerTaskOperation.h; path = SoX/SOXResamplerTaskOperation.h; sourceTree = "<group>"; };
		F88D4EA718D2413B00C9E9C3 /* SOXResamplerTaskOperation.m */ = {isa = PBXFileReference; fileEncoding = 4; lastKnownFileType = sourcecode.c.objc; name = SOXResamplerTaskOperation.m; path = SoX/SOXResamplerTaskOperation.m; sourceTree = "<group>"; };
		F88D4EA918D2426200C9E9C3 /* SOXResamplerConfiguration.h */ = {isa = PBXFileReference; fileEncoding = 4; lastKnownFileType = sourcecode.c.h; name = SOXResamplerConfiguration.h; path = SoX/SOXResamplerConfiguration.h; sourceTree = "<group>"; };
		F88D4EAA18D2426200C9E9C3 /* SOXResamplerConfiguration.m */ = {isa = PBXFileReference; fileEncoding = 4; lastKnownFileType = sourcecode.c.objc; name = SOXResamplerConfiguration.m; path = SoX/SOXResamplerConfiguration.m; sourceTree = "<group>"; };
		F8CB2C0A18D77FA300DEFA10 /* PRXEncoderWindow.h */ = {isa = PBXFileReference; fileEncoding = 4; lastKnownFileType = sourcecode.c.h; name = PRXEncoderWindow.h; path = Views/Window/PRXEncoderWindow.h; sourceTree = "<group>"; };
		F8CB2C0B18D77FA300DEFA10 /* PRXEncoderWindow.m */ = {isa = PBXFileReference; fileEncoding = 4; lastKnownFileType = sourcecode.c.objc; name = PRXEncoderWindow.m; path = Views/Window/PRXEncoderWindow.m; sourceTree = "<group>"; };
		F8CB2C0E18D78C4B00DEFA10 /* PRXStaticImageView.h */ = {isa = PBXFileReference; fileEncoding = 4; lastKnownFileType = sourcecode.c.h; name = PRXStaticImageView.h; path = Views/Images/PRXStaticImageView.h; sourceTree = "<group>"; };
		F8CB2C0F18D78C4B00DEFA10 /* PRXStaticImageView.m */ = {isa = PBXFileReference; fileEncoding = 4; lastKnownFileType = sourcecode.c.objc; name = PRXStaticImageView.m; path = Views/Images/PRXStaticImageView.m; sourceTree = "<group>"; };
		F8CB2C1818D7B9ED00DEFA10 /* Broadcast-Encoder.help */ = {isa = PBXFileReference; lastKnownFileType = folder; path = "Broadcast-Encoder.help"; sourceTree = "<group>"; };
		FB60D8C62A224C569AF2877F /* libPods.a */ = {isa = PBXFileReference; explicitFileType = archive.ar; includeInIndex = 0; path = libPods.a; sourceTree = BUILT_PRODUCTS_DIR; };
/* End PBXFileReference section */

/* Begin PBXFrameworksBuildPhase section */
		F88D4DB218D0F5F900C9E9C3 /* Frameworks */ = {
			isa = PBXFrameworksBuildPhase;
			buildActionMask = 2147483647;
			files = (
				FEDE4F37ED8343EBBFC7ACEE /* libPods.a in Frameworks */,
			);
			runOnlyForDeploymentPostprocessing = 0;
		};
/* End PBXFrameworksBuildPhase section */

/* Begin PBXGroup section */
		F88D4DAC18D0F5F900C9E9C3 = {
			isa = PBXGroup;
			children = (
				F88D4DB718D0F5F900C9E9C3 /* Frameworks */,
				F88D4E8718D14E5400C9E9C3 /* Vendor */,
				F88D4DBE18D0F5F900C9E9C3 /* Broadcast Encoder */,
				F88D4DB618D0F5F900C9E9C3 /* Products */,
			);
			sourceTree = "<group>";
		};
		F88D4DB618D0F5F900C9E9C3 /* Products */ = {
			isa = PBXGroup;
			children = (
				F88D4DB518D0F5F900C9E9C3 /* Broadcast Encoder.app */,
			);
			name = Products;
			sourceTree = "<group>";
		};
		F88D4DB718D0F5F900C9E9C3 /* Frameworks */ = {
			isa = PBXGroup;
			children = (
				FB60D8C62A224C569AF2877F /* libPods.a */,
			);
			name = Frameworks;
			sourceTree = "<group>";
		};
		F88D4DBE18D0F5F900C9E9C3 /* Broadcast Encoder */ = {
			isa = PBXGroup;
			children = (
				F8228D9518D63607003B17C1 /* README.md */,
				F88D4DC418D0F5F900C9E9C3 /* main.m */,
				F88D4DF018D0F75200C9E9C3 /* Assets */,
				F88D4DEC18D0F74200C9E9C3 /* Core */,
				F88D4E7318D1219200C9E9C3 /* Models */,
				F88D4E1218D0FEC100C9E9C3 /* Views */,
				F88D4DFD18D0FAE900C9E9C3 /* Interface */,
			);
			path = "Broadcast Encoder";
			sourceTree = "<group>";
		};
		F88D4DEC18D0F74200C9E9C3 /* Core */ = {
			isa = PBXGroup;
			children = (
				F88D4DF318D0F77900C9E9C3 /* Build Configurations */,
				F88D4E1018D0FE7B00C9E9C3 /* Broadcast Encoder.entitlements */,
				F88D4DF818D0F89000C9E9C3 /* Broadcast Encoder-Info.plist */,
				F88D4DFA18D0F8AE00C9E9C3 /* Broadcast Encoder-Prefix.pch */,
				F88D4DED18D0F74200C9E9C3 /* PRXAppDelegate.h */,
				F88D4DEE18D0F74200C9E9C3 /* PRXAppDelegate.m */,
			);
			path = Core;
			sourceTree = "<group>";
		};
		F88D4DF018D0F75200C9E9C3 /* Assets */ = {
			isa = PBXGroup;
			children = (
				F8CB2C1818D7B9ED00DEFA10 /* Broadcast-Encoder.help */,
				F88D4DF118D0F75200C9E9C3 /* Images.xcassets */,
			);
			path = Assets;
			sourceTree = "<group>";
		};
		F88D4DF318D0F77900C9E9C3 /* Build Configurations */ = {
			isa = PBXGroup;
			children = (
				3E6F032395DA45B693B2B329 /* Pods.xcconfig */,
				F88D4DF418D0F78C00C9E9C3 /* Common.xcconfig */,
				F88D4DF518D0F7AF00C9E9C3 /* Development.xcconfig */,
				F88D4DF618D0F7B800C9E9C3 /* Debug.xcconfig */,
				F88D4DF718D0F7C100C9E9C3 /* Release.xcconfig */,
			);
			name = "Build Configurations";
			sourceTree = "<group>";
		};
		F88D4DFD18D0FAE900C9E9C3 /* Interface */ = {
			isa = PBXGroup;
			children = (
				F88D4E0E18D0FE0800C9E9C3 /* MainMenu.xib */,
				F88D4E1718D1027B00C9E9C3 /* Dropzone */,
			);
			path = Interface;
			sourceTree = "<group>";
		};
		F88D4E1218D0FEC100C9E9C3 /* Views */ = {
			isa = PBXGroup;
			children = (
				F8CB2C0D18D78C3600DEFA10 /* Images */,
				F8CB2C0918D77F8C00DEFA10 /* Window */,
				F88D4E1318D0FECC00C9E9C3 /* Dropzone */,
			);
			name = Views;
			sourceTree = "<group>";
		};
		F88D4E1318D0FECC00C9E9C3 /* Dropzone */ = {
			isa = PBXGroup;
			children = (
				F88D4E1418D0FEF100C9E9C3 /* PRXDropzoneView.h */,
				F88D4E1518D0FEF100C9E9C3 /* PRXDropzoneView.m */,
				F88D4E1B18D102BA00C9E9C3 /* PRXDropzoneView.xib */,
			);
			name = Dropzone;
			sourceTree = "<group>";
		};
		F88D4E1718D1027B00C9E9C3 /* Dropzone */ = {
			isa = PBXGroup;
			children = (
				F88D4E1818D1029700C9E9C3 /* PRXDropzoneViewController.h */,
				F88D4E1918D1029700C9E9C3 /* PRXDropzoneViewController.m */,
			);
			name = Dropzone;
			sourceTree = "<group>";
		};
		F88D4E7318D1219200C9E9C3 /* Models */ = {
			isa = PBXGroup;
			children = (
			);
			name = Models;
			sourceTree = "<group>";
		};
		F88D4E8718D14E5400C9E9C3 /* Vendor */ = {
			isa = PBXGroup;
			children = (
				F88D4E9F18D23FC100C9E9C3 /* SoX */,
				F88D4E8818D14E5400C9E9C3 /* TwoLAME */,
			);
			path = Vendor;
			sourceTree = "<group>";
		};
		F88D4E8818D14E5400C9E9C3 /* TwoLAME */ = {
			isa = PBXGroup;
			children = (
				F88B6A5D18D2695D00DB2A73 /* TWLEncoderError.h */,
				F882641418D7DB2D008D505E /* TWLPCMAudioFile.h */,
				F882641518D7DB2D008D505E /* TWLPCMAudioFile.m */,
				F88D4E9718D163C900C9E9C3 /* TWLEncoderConfiguration.h */,
				F88D4E9818D163C900C9E9C3 /* TWLEncoderConfiguration.m */,
				F88D4E8B18D14E5400C9E9C3 /* TWLEncoder.h */,
				F88D4E8D18D14E5400C9E9C3 /* TWLEncoder_private.h */,
				F88D4E8C18D14E5400C9E9C3 /* TWLEncoder.m */,
				F88D4E8E18D14E5400C9E9C3 /* TWLEncoderTask.h */,
				F88D4E9018D14E5400C9E9C3 /* TWLEncoderTask_private.h */,
				F88D4E8F18D14E5400C9E9C3 /* TWLEncoderTask.m */,
				F88D4E9418D150DA00C9E9C3 /* TWLEncoderTaskOperation.h */,
				F88D4E9518D150DA00C9E9C3 /* TWLEncoderTaskOperation.m */,
			);
			path = TwoLAME;
			sourceTree = "<group>";
		};
		F88D4E9F18D23FC100C9E9C3 /* SoX */ = {
			isa = PBXGroup;
			children = (
				F88D4EA918D2426200C9E9C3 /* SOXResamplerConfiguration.h */,
				F88D4EAA18D2426200C9E9C3 /* SOXResamplerConfiguration.m */,
				F88D4EA018D23FE200C9E9C3 /* SOXResampler.h */,
				F88B6A5B18D245E800DB2A73 /* SOXResampler_private.h */,
				F88D4EA118D23FE200C9E9C3 /* SOXResampler.m */,
				F88D4EA318D2412800C9E9C3 /* SOXResamplerTask.h */,
				F88B6A5C18D2464D00DB2A73 /* SOXResamplerTask_private.h */,
				F88D4EA418D2412800C9E9C3 /* SOXResamplerTask.m */,
				F88D4EA618D2413B00C9E9C3 /* SOXResamplerTaskOperation.h */,
				F88D4EA718D2413B00C9E9C3 /* SOXResamplerTaskOperation.m */,
			);
			name = SoX;
			sourceTree = "<group>";
		};
		F8CB2C0918D77F8C00DEFA10 /* Window */ = {
			isa = PBXGroup;
			children = (
				F8CB2C0A18D77FA300DEFA10 /* PRXEncoderWindow.h */,
				F8CB2C0B18D77FA300DEFA10 /* PRXEncoderWindow.m */,
			);
			name = Window;
			sourceTree = "<group>";
		};
		F8CB2C0D18D78C3600DEFA10 /* Images */ = {
			isa = PBXGroup;
			children = (
				F8CB2C0E18D78C4B00DEFA10 /* PRXStaticImageView.h */,
				F8CB2C0F18D78C4B00DEFA10 /* PRXStaticImageView.m */,
			);
			name = Images;
			sourceTree = "<group>";
		};
/* End PBXGroup section */

/* Begin PBXNativeTarget section */
		F88D4DB418D0F5F900C9E9C3 /* Broadcast Encoder */ = {
			isa = PBXNativeTarget;
			buildConfigurationList = F88D4DE618D0F5F900C9E9C3 /* Build configuration list for PBXNativeTarget "Broadcast Encoder" */;
			buildPhases = (
				D0196D6BEF9541C6BBA5960D /* Check Pods Manifest.lock */,
				F88D4DB118D0F5F900C9E9C3 /* Sources */,
				F88D4DB218D0F5F900C9E9C3 /* Frameworks */,
				F88D4DB318D0F5F900C9E9C3 /* Resources */,
				6AE7765B8B234B3EBF227578 /* Copy Pods Resources */,
				F88D4DFB18D0FA1900C9E9C3 /* ShellScript */,
			);
			buildRules = (
			);
			dependencies = (
			);
			name = "Broadcast Encoder";
			productName = "Broadcast Encoder";
			productReference = F88D4DB518D0F5F900C9E9C3 /* Broadcast Encoder.app */;
			productType = "com.apple.product-type.application";
		};
/* End PBXNativeTarget section */

/* Begin PBXProject section */
		F88D4DAD18D0F5F900C9E9C3 /* Project object */ = {
			isa = PBXProject;
			attributes = {
				CLASSPREFIX = PRX;
				LastUpgradeCheck = 0510;
				ORGANIZATIONNAME = PRX;
				TargetAttributes = {
					F88D4DB418D0F5F900C9E9C3 = {
						SystemCapabilities = {
							com.apple.Sandbox = {
								enabled = 0;
							};
						};
					};
				};
			};
			buildConfigurationList = F88D4DB018D0F5F900C9E9C3 /* Build configuration list for PBXProject "Broadcast Encoder" */;
			compatibilityVersion = "Xcode 3.2";
			developmentRegion = English;
			hasScannedForEncodings = 0;
			knownRegions = (
				en,
				Base,
			);
			mainGroup = F88D4DAC18D0F5F900C9E9C3;
			productRefGroup = F88D4DB618D0F5F900C9E9C3 /* Products */;
			projectDirPath = "";
			projectRoot = "";
			targets = (
				F88D4DB418D0F5F900C9E9C3 /* Broadcast Encoder */,
			);
		};
/* End PBXProject section */

/* Begin PBXResourcesBuildPhase section */
		F88D4DB318D0F5F900C9E9C3 /* Resources */ = {
			isa = PBXResourcesBuildPhase;
			buildActionMask = 2147483647;
			files = (
				F8228D9618D63607003B17C1 /* README.md in Resources */,
				F88D4DF918D0F89000C9E9C3 /* Broadcast Encoder-Info.plist in Resources */,
				F88D4DF218D0F75200C9E9C3 /* Images.xcassets in Resources */,
				F88D4E0F18D0FE0800C9E9C3 /* MainMenu.xib in Resources */,
				F88D4E1C18D102BA00C9E9C3 /* PRXDropzoneView.xib in Resources */,
				F88D4E1118D0FE7B00C9E9C3 /* Broadcast Encoder.entitlements in Resources */,
				F8CB2C1918D7B9ED00DEFA10 /* Broadcast-Encoder.help in Resources */,
			);
			runOnlyForDeploymentPostprocessing = 0;
		};
/* End PBXResourcesBuildPhase section */

/* Begin PBXShellScriptBuildPhase section */
		6AE7765B8B234B3EBF227578 /* Copy Pods Resources */ = {
			isa = PBXShellScriptBuildPhase;
			buildActionMask = 2147483647;
			files = (
			);
			inputPaths = (
			);
			name = "Copy Pods Resources";
			outputPaths = (
			);
			runOnlyForDeploymentPostprocessing = 0;
			shellPath = /bin/sh;
			shellScript = "\"${SRCROOT}/Pods/Pods-resources.sh\"\n";
			showEnvVarsInLog = 0;
		};
		D0196D6BEF9541C6BBA5960D /* Check Pods Manifest.lock */ = {
			isa = PBXShellScriptBuildPhase;
			buildActionMask = 2147483647;
			files = (
			);
			inputPaths = (
			);
			name = "Check Pods Manifest.lock";
			outputPaths = (
			);
			runOnlyForDeploymentPostprocessing = 0;
			shellPath = /bin/sh;
			shellScript = "diff \"${PODS_ROOT}/../Podfile.lock\" \"${PODS_ROOT}/Manifest.lock\" > /dev/null\nif [[ $? != 0 ]] ; then\n    cat << EOM\nerror: The sandbox is not in sync with the Podfile.lock. Run 'pod install' or update your CocoaPods installation.\nEOM\n    exit 1\nfi\n";
			showEnvVarsInLog = 0;
		};
		F88D4DFB18D0FA1900C9E9C3 /* ShellScript */ = {
			isa = PBXShellScriptBuildPhase;
			buildActionMask = 2147483647;
			files = (
			);
			inputPaths = (
			);
			outputPaths = (
			);
			runOnlyForDeploymentPostprocessing = 0;
			shellPath = /bin/sh;
			shellScript = "plist=\"${INFOPLIST_FILE}\"\nCFBundleVersion=$(/usr/libexec/PlistBuddy -c \"Print CFBundleVersion\" \"$plist\")\n\nCFBundleVersion=$(($CFBundleVersion + 1))\n/usr/libexec/PlistBuddy -c \"Set :CFBundleVersion $CFBundleVersion\" \"$plist\"";
		};
/* End PBXShellScriptBuildPhase section */

/* Begin PBXSourcesBuildPhase section */
		F88D4DB118D0F5F900C9E9C3 /* Sources */ = {
			isa = PBXSourcesBuildPhase;
			buildActionMask = 2147483647;
			files = (
				F88D4E1A18D1029700C9E9C3 /* PRXDropzoneViewController.m in Sources */,
				F88D4E9918D163C900C9E9C3 /* TWLEncoderConfiguration.m in Sources */,
				F88D4EA218D23FE200C9E9C3 /* SOXResampler.m in Sources */,
				F8CB2C1018D78C4B00DEFA10 /* PRXStaticImageView.m in Sources */,
				F88D4EAB18D2426200C9E9C3 /* SOXResamplerConfiguration.m in Sources */,
				F88D4EA818D2413B00C9E9C3 /* SOXResamplerTaskOperation.m in Sources */,
				F88D4DC518D0F5F900C9E9C3 /* main.m in Sources */,
				F88D4EA518D2412800C9E9C3 /* SOXResamplerTask.m in Sources */,
				F88D4E1618D0FEF100C9E9C3 /* PRXDropzoneView.m in Sources */,
				F882641618D7DB2D008D505E /* TWLPCMAudioFile.m in Sources */,
				F88D4E9318D14E5400C9E9C3 /* TWLEncoderTask.m in Sources */,
				F88D4E9218D14E5400C9E9C3 /* TWLEncoder.m in Sources */,
				F88D4DEF18D0F74200C9E9C3 /* PRXAppDelegate.m in Sources */,
				F88D4E9618D150DA00C9E9C3 /* TWLEncoderTaskOperation.m in Sources */,
				F8CB2C0C18D77FA300DEFA10 /* PRXEncoderWindow.m in Sources */,
			);
			runOnlyForDeploymentPostprocessing = 0;
		};
/* End PBXSourcesBuildPhase section */

/* Begin XCBuildConfiguration section */
		F88D4DE418D0F5F900C9E9C3 /* Debug */ = {
			isa = XCBuildConfiguration;
			baseConfigurationReference = F88D4DF618D0F7B800C9E9C3 /* Debug.xcconfig */;
			buildSettings = {
				ALWAYS_SEARCH_USER_PATHS = NO;
				CLANG_CXX_LANGUAGE_STANDARD = "gnu++0x";
				CLANG_CXX_LIBRARY = "libc++";
				CLANG_ENABLE_MODULES = YES;
				CLANG_ENABLE_OBJC_ARC = YES;
				CLANG_WARN_BOOL_CONVERSION = YES;
				CLANG_WARN_CONSTANT_CONVERSION = YES;
				CLANG_WARN_DIRECT_OBJC_ISA_USAGE = YES_ERROR;
				CLANG_WARN_EMPTY_BODY = YES;
				CLANG_WARN_ENUM_CONVERSION = YES;
				CLANG_WARN_INT_CONVERSION = YES;
				CLANG_WARN_OBJC_ROOT_CLASS = YES_ERROR;
				CLANG_WARN__DUPLICATE_METHOD_MATCH = YES;
				COPY_PHASE_STRIP = NO;
				GCC_C_LANGUAGE_STANDARD = gnu99;
				GCC_DYNAMIC_NO_PIC = NO;
				GCC_ENABLE_OBJC_EXCEPTIONS = YES;
				GCC_OPTIMIZATION_LEVEL = 0;
				GCC_PREPROCESSOR_DEFINITIONS = (
					"DEBUG=1",
					"$(inherited)",
				);
				GCC_SYMBOLS_PRIVATE_EXTERN = NO;
				GCC_WARN_64_TO_32_BIT_CONVERSION = YES;
				GCC_WARN_ABOUT_RETURN_TYPE = YES_ERROR;
				GCC_WARN_UNDECLARED_SELECTOR = YES;
				GCC_WARN_UNINITIALIZED_AUTOS = YES_AGGRESSIVE;
				GCC_WARN_UNUSED_FUNCTION = YES;
				GCC_WARN_UNUSED_VARIABLE = YES;
				MACOSX_DEPLOYMENT_TARGET = 10.9;
				ONLY_ACTIVE_ARCH = YES;
				SDKROOT = macosx;
				USER_HEADER_SEARCH_PATHS = "";
			};
			name = Debug;
		};
		F88D4DE518D0F5F900C9E9C3 /* Release */ = {
			isa = XCBuildConfiguration;
			baseConfigurationReference = F88D4DF718D0F7C100C9E9C3 /* Release.xcconfig */;
			buildSettings = {
				ALWAYS_SEARCH_USER_PATHS = NO;
				CLANG_CXX_LANGUAGE_STANDARD = "gnu++0x";
				CLANG_CXX_LIBRARY = "libc++";
				CLANG_ENABLE_MODULES = YES;
				CLANG_ENABLE_OBJC_ARC = YES;
				CLANG_WARN_BOOL_CONVERSION = YES;
				CLANG_WARN_CONSTANT_CONVERSION = YES;
				CLANG_WARN_DIRECT_OBJC_ISA_USAGE = YES_ERROR;
				CLANG_WARN_EMPTY_BODY = YES;
				CLANG_WARN_ENUM_CONVERSION = YES;
				CLANG_WARN_INT_CONVERSION = YES;
				CLANG_WARN_OBJC_ROOT_CLASS = YES_ERROR;
				CLANG_WARN__DUPLICATE_METHOD_MATCH = YES;
				COPY_PHASE_STRIP = YES;
				DEBUG_INFORMATION_FORMAT = "dwarf-with-dsym";
				ENABLE_NS_ASSERTIONS = NO;
				GCC_C_LANGUAGE_STANDARD = gnu99;
				GCC_ENABLE_OBJC_EXCEPTIONS = YES;
				GCC_WARN_64_TO_32_BIT_CONVERSION = YES;
				GCC_WARN_ABOUT_RETURN_TYPE = YES_ERROR;
				GCC_WARN_UNDECLARED_SELECTOR = YES;
				GCC_WARN_UNINITIALIZED_AUTOS = YES_AGGRESSIVE;
				GCC_WARN_UNUSED_FUNCTION = YES;
				GCC_WARN_UNUSED_VARIABLE = YES;
				MACOSX_DEPLOYMENT_TARGET = 10.9;
				SDKROOT = macosx;
				USER_HEADER_SEARCH_PATHS = "";
			};
			name = Release;
		};
		F88D4DE718D0F5F900C9E9C3 /* Debug */ = {
			isa = XCBuildConfiguration;
			baseConfigurationReference = 3E6F032395DA45B693B2B329 /* Pods.xcconfig */;
			buildSettings = {
				CODE_SIGN_IDENTITY = "-";
				FRAMEWORK_SEARCH_PATHS = "$(inherited)";
				HEADER_SEARCH_PATHS = (
					"\"${PODS_ROOT}/Headers\"",
					"\"${PODS_ROOT}/Headers/Underscore.m\"",
					"/usr/local/Cellar/two-lame/0.3.13/include",
					/usr/local/Cellar/sox/14.4.1/include,
					/usr/local/Cellar/libsndfile/1.0.25/include,
				);
				LIBRARY_SEARCH_PATHS = "/usr/local/Cellar/two-lame/0.3.13/lib";
				MACOSX_DEPLOYMENT_TARGET = 10.7;
				PRODUCT_NAME = "$(TARGET_NAME)";
			};
			name = Debug;
		};
		F88D4DE818D0F5F900C9E9C3 /* Release */ = {
			isa = XCBuildConfiguration;
			baseConfigurationReference = 3E6F032395DA45B693B2B329 /* Pods.xcconfig */;
			buildSettings = {
				CODE_SIGN_IDENTITY = "-";
				FRAMEWORK_SEARCH_PATHS = "$(inherited)";
				HEADER_SEARCH_PATHS = (
					"\"${PODS_ROOT}/Headers\"",
					"\"${PODS_ROOT}/Headers/Underscore.m\"",
					"/usr/local/Cellar/two-lame/0.3.13/include",
					/usr/local/Cellar/sox/14.4.1/include,
					/usr/local/Cellar/libsndfile/1.0.25/include,
				);
				LIBRARY_SEARCH_PATHS = "/usr/local/Cellar/two-lame/0.3.13/lib";
				MACOSX_DEPLOYMENT_TARGET = 10.7;
				PRODUCT_NAME = "$(TARGET_NAME)";
			};
			name = Release;
		};
/* End XCBuildConfiguration section */

/* Begin XCConfigurationList section */
		F88D4DB018D0F5F900C9E9C3 /* Build configuration list for PBXProject "Broadcast Encoder" */ = {
			isa = XCConfigurationList;
			buildConfigurations = (
				F88D4DE418D0F5F900C9E9C3 /* Debug */,
				F88D4DE518D0F5F900C9E9C3 /* Release */,
			);
			defaultConfigurationIsVisible = 0;
			defaultConfigurationName = Release;
		};
		F88D4DE618D0F5F900C9E9C3 /* Build configuration list for PBXNativeTarget "Broadcast Encoder" */ = {
			isa = XCConfigurationList;
			buildConfigurations = (
				F88D4DE718D0F5F900C9E9C3 /* Debug */,
				F88D4DE818D0F5F900C9E9C3 /* Release */,
			);
			defaultConfigurationIsVisible = 0;
			defaultConfigurationName = Release;
		};
/* End XCConfigurationList section */
	};
	rootObject = F88D4DAD18D0F5F900C9E9C3 /* Project object */;
}
